
Microsoft Visual Studio Solution File, Format Version 12.00
# Visual Studio Version 17
VisualStudioVersion = 17.5.002.0
MinimumVisualStudioVersion = 10.0.40219.1
Project("{9A19103F-16F7-4668-BE54-9A1E7A4F7556}") = "BubbleSort", "BubbleSort\BubbleSort.csproj", "{6DE1DA15-F479-4E34-933A-EB80F70612CA}"
EndProject
Global
	GlobalSection(SolutionConfigurationPlatforms) = preSolution
		Debug|Any CPU = Debug|Any CPU
		Release|Any CPU = Release|Any CPU
	EndGlobalSection
	GlobalSection(ProjectConfigurationPlatforms) = postSolution
		{6DE1DA15-F479-4E34-933A-EB80F70612CA}.Debug|Any CPU.ActiveCfg = Debug|Any CPU
		{6DE1DA15-F479-4E34-933A-EB80F70612CA}.Debug|Any CPU.Build.0 = Debug|Any CPU
		{6DE1DA15-F479-4E34-933A-EB80F70612CA}.Release|Any CPU.ActiveCfg = Release|Any CPU
		{6DE1DA15-F479-4E34-933A-EB80F70612CA}.Release|Any CPU.Build.0 = Release|Any CPU
	EndGlobalSection
	GlobalSection(SolutionProperties) = preSolution
		HideSolutionNode = FALSE
	EndGlobalSection
	GlobalSection(ExtensibilityGlobals) = postSolution
		SolutionGuid = {EBE670CD-FE55-4B86-87C5-5EF43AE15A52}
	EndGlobalSection
EndGlobal
