
Microsoft Visual Studio Solution File, Format Version 12.00
# Visual Studio Version 17
VisualStudioVersion = 17.5.002.0
MinimumVisualStudioVersion = 10.0.40219.1
Project("{9A19103F-16F7-4668-BE54-9A1E7A4F7556}") = "Filas", "Filas.csproj", "{92119061-E94D-4221-8C3E-C65C176CCDF0}"
EndProject
Global
	GlobalSection(SolutionConfigurationPlatforms) = preSolution
		Debug|Any CPU = Debug|Any CPU
		Release|Any CPU = Release|Any CPU
	EndGlobalSection
	GlobalSection(ProjectConfigurationPlatforms) = postSolution
		{92119061-E94D-4221-8C3E-C65C176CCDF0}.Debug|Any CPU.ActiveCfg = Debug|Any CPU
		{92119061-E94D-4221-8C3E-C65C176CCDF0}.Debug|Any CPU.Build.0 = Debug|Any CPU
		{92119061-E94D-4221-8C3E-C65C176CCDF0}.Release|Any CPU.ActiveCfg = Release|Any CPU
		{92119061-E94D-4221-8C3E-C65C176CCDF0}.Release|Any CPU.Build.0 = Release|Any CPU
	EndGlobalSection
	GlobalSection(SolutionProperties) = preSolution
		HideSolutionNode = FALSE
	EndGlobalSection
	GlobalSection(ExtensibilityGlobals) = postSolution
		SolutionGuid = {2E025070-E038-46B5-A87B-7C73957E70DF}
	EndGlobalSection
EndGlobal
